
Microsoft Visual Studio Solution File, Format Version 12.00
# Visual Studio Version 17
VisualStudioVersion = 17.3.32922.545
MinimumVisualStudioVersion = 10.0.40219.1
Project("{FAE04EC0-301F-11D3-BF4B-00C04F79EFBC}") = "LibraryProjectComplete", "LibraryProjectComplete\LibraryProjectComplete.csproj", "{B15FCC95-2AC2-4DD0-90BB-57BB6B7FC95A}"
EndProject
Global
	GlobalSection(SolutionConfigurationPlatforms) = preSolution
		Debug|Any CPU = Debug|Any CPU
		Release|Any CPU = Release|Any CPU
	EndGlobalSection
	GlobalSection(ProjectConfigurationPlatforms) = postSolution
		{B15FCC95-2AC2-4DD0-90BB-57BB6B7FC95A}.Debug|Any CPU.ActiveCfg = Debug|Any CPU
		{B15FCC95-2AC2-4DD0-90BB-57BB6B7FC95A}.Debug|Any CPU.Build.0 = Debug|Any CPU
		{B15FCC95-2AC2-4DD0-90BB-57BB6B7FC95A}.Release|Any CPU.ActiveCfg = Release|Any CPU
		{B15FCC95-2AC2-4DD0-90BB-57BB6B7FC95A}.Release|Any CPU.Build.0 = Release|Any CPU
	EndGlobalSection
	GlobalSection(SolutionProperties) = preSolution
		HideSolutionNode = FALSE
	EndGlobalSection
	GlobalSection(ExtensibilityGlobals) = postSolution
		SolutionGuid = {6E200175-4EFD-4081-AE0A-9AFFE9E091B3}
	EndGlobalSection
EndGlobal
